
Microsoft Visual Studio Solution File, Format Version 12.00
# Visual Studio Version 17
VisualStudioVersion = 17.8.34316.72
MinimumVisualStudioVersion = 10.0.40219.1
Project("{F184B08F-C81C-45F6-A57F-5ABD9991F28F}") = "galeriaFoto1002", "galeriaFoto1002\galeriaFoto1002.vbproj", "{F81B1C9F-FAF0-45D1-8800-B2103CB1FE1B}"
EndProject
Global
	GlobalSection(SolutionConfigurationPlatforms) = preSolution
		Debug|Any CPU = Debug|Any CPU
		Release|Any CPU = Release|Any CPU
	EndGlobalSection
	GlobalSection(ProjectConfigurationPlatforms) = postSolution
		{F81B1C9F-FAF0-45D1-8800-B2103CB1FE1B}.Debug|Any CPU.ActiveCfg = Debug|Any CPU
		{F81B1C9F-FAF0-45D1-8800-B2103CB1FE1B}.Debug|Any CPU.Build.0 = Debug|Any CPU
		{F81B1C9F-FAF0-45D1-8800-B2103CB1FE1B}.Release|Any CPU.ActiveCfg = Release|Any CPU
		{F81B1C9F-FAF0-45D1-8800-B2103CB1FE1B}.Release|Any CPU.Build.0 = Release|Any CPU
	EndGlobalSection
	GlobalSection(SolutionProperties) = preSolution
		HideSolutionNode = FALSE
	EndGlobalSection
	GlobalSection(ExtensibilityGlobals) = postSolution
		SolutionGuid = {BCF98264-6F59-4B64-8DB6-189E4B874166}
	EndGlobalSection
EndGlobal
